{
  "requires": true,
  "lockfileVersion": 1,
  "dependencies": {
    "ngx-mat-errors": {
      "version": "0.0.5",
      "resolved": "https://registry.npmjs.org/ngx-mat-errors/-/ngx-mat-errors-0.0.5.tgz",
      "integrity": "sha512-sKu8LqrczYuNGivqUHPpJDNfLgqIFn5sP0kyBhf8OyV8AH34kwjGBG2s1JX2rQ/n/bosXtag1mXN3YYE3OTKhw==",
      "requires": {
        "tslib": "^2.0.0"
      }
    },
    "tslib": {
      "version": "2.3.0",
      "resolved": "https://registry.npmjs.org/tslib/-/tslib-2.3.0.tgz",
      "integrity": "sha512-N82ooyxVNm6h1riLCoyS9e3fuJ3AMG2zIZs2Gd1ATcSFjSA23Q0fzjjZeh0jbJvWVDZ0cJT8yaNNaaXHzueNjg=="
    }
  }
}
